// !$*UTF8*$!
{
	archiveVersion = 1;
	classes = {
	};
	objectVersion = 50;
	objects = {

/* Begin PBXBuildFile section */
		347FDC1122CA5F3E004F6656 /* AppDelegate.swift in Sources */ = {isa = PBXBuildFile; fileRef = 347FDC1022CA5F3E004F6656 /* AppDelegate.swift */; };
		347FDC1822CA5F40004F6656 /* Assets.xcassets in Resources */ = {isa = PBXBuildFile; fileRef = 347FDC1722CA5F40004F6656 /* Assets.xcassets */; };
		347FDC1B22CA5F40004F6656 /* LaunchScreen.storyboard in Resources */ = {isa = PBXBuildFile; fileRef = 347FDC1922CA5F40004F6656 /* LaunchScreen.storyboard */; };
		347FDC2622CA5F40004F6656 /* StudySwipeTests.swift in Sources */ = {isa = PBXBuildFile; fileRef = 347FDC2522CA5F40004F6656 /* StudySwipeTests.swift */; };
		34D7C1FE22ECE6C1005990C7 /* TestSummaryViewController.swift in Sources */ = {isa = PBXBuildFile; fileRef = 34D7C1FD22ECE6C1005990C7 /* TestSummaryViewController.swift */; };
		34D7C20122ECE7F4005990C7 /* UILabel+Custom.swift in Sources */ = {isa = PBXBuildFile; fileRef = 34D7C20022ECE7F4005990C7 /* UILabel+Custom.swift */; };
		34D7C20322ECEE41005990C7 /* UIButton+Custom.swift in Sources */ = {isa = PBXBuildFile; fileRef = 34D7C20222ECEE41005990C7 /* UIButton+Custom.swift */; };
		34DA7B8922CBFAFC00AD2A63 /* UIAlertController+StandardAlerts.swift in Sources */ = {isa = PBXBuildFile; fileRef = 34DA7B8822CBFAFC00AD2A63 /* UIAlertController+StandardAlerts.swift */; };
		34DA7B8B22CC2D0600AD2A63 /* ReviewSelectionCollectionViewController.swift in Sources */ = {isa = PBXBuildFile; fileRef = 34DA7B8A22CC2D0600AD2A63 /* ReviewSelectionCollectionViewController.swift */; };
		34DA7B8D22CC440D00AD2A63 /* SelectionCollectionViewCell.swift in Sources */ = {isa = PBXBuildFile; fileRef = 34DA7B8C22CC440D00AD2A63 /* SelectionCollectionViewCell.swift */; };
		34DA7B8F22CC733100AD2A63 /* SelectionCollectionReusableHeaderView.swift in Sources */ = {isa = PBXBuildFile; fileRef = 34DA7B8E22CC733100AD2A63 /* SelectionCollectionReusableHeaderView.swift */; };
		34DA7B9122CD4A8200AD2A63 /* ColorIconTitleProviding.swift in Sources */ = {isa = PBXBuildFile; fileRef = 34DA7B9022CD4A8200AD2A63 /* ColorIconTitleProviding.swift */; };
		34DA7B9322CD4B0A00AD2A63 /* ReviewSelectionCollectionViewDelegate.swift in Sources */ = {isa = PBXBuildFile; fileRef = 34DA7B9222CD4B0A00AD2A63 /* ReviewSelectionCollectionViewDelegate.swift */; };
		34DED65322D6CDB60059867A /* NotificationName+Custom.swift in Sources */ = {isa = PBXBuildFile; fileRef = 34DED65222D6CDB60059867A /* NotificationName+Custom.swift */; };
		34E2B99222E0FF190009CC01 /* PillView.swift in Sources */ = {isa = PBXBuildFile; fileRef = 34E2B99122E0FF190009CC01 /* PillView.swift */; };
		34E2B99522E10EDA0009CC01 /* TestConfigurationCollectionViewController.swift in Sources */ = {isa = PBXBuildFile; fileRef = 34E2B99422E10EDA0009CC01 /* TestConfigurationCollectionViewController.swift */; };
		34E2B99722E110210009CC01 /* TestConfigurationCollectionViewCell.swift in Sources */ = {isa = PBXBuildFile; fileRef = 34E2B99622E110210009CC01 /* TestConfigurationCollectionViewCell.swift */; };
		34E2B99922E115800009CC01 /* CenterAlignedCollectionViewFlowLayout.swift in Sources */ = {isa = PBXBuildFile; fileRef = 34E2B99822E115800009CC01 /* CenterAlignedCollectionViewFlowLayout.swift */; };
		34E2B99B22E11A760009CC01 /* TestConfigurationViewController.swift in Sources */ = {isa = PBXBuildFile; fileRef = 34E2B99A22E11A760009CC01 /* TestConfigurationViewController.swift */; };
		34E63FD722DD7CAD008F2304 /* Down.framework in Frameworks */ = {isa = PBXBuildFile; fileRef = 34E63FD422DD7C92008F2304 /* Down.framework */; };
		34E63FD822DD7CAD008F2304 /* Down.framework in Embed Frameworks */ = {isa = PBXBuildFile; fileRef = 34E63FD422DD7C92008F2304 /* Down.framework */; settings = {ATTRIBUTES = (CodeSignOnCopy, RemoveHeadersOnCopy, ); }; };
		34E7F65722D2C7F0000D9E4A /* QuestionCard.swift in Sources */ = {isa = PBXBuildFile; fileRef = 34E7F65622D2C7F0000D9E4A /* QuestionCard.swift */; };
		34E7F65922D2EE63000D9E4A /* GradientView.swift in Sources */ = {isa = PBXBuildFile; fileRef = 34E7F65822D2EE63000D9E4A /* GradientView.swift */; };
		34EE9ECF22D38B7E00F84B10 /* Stopwatch.swift in Sources */ = {isa = PBXBuildFile; fileRef = 34EE9ECE22D38B7E00F84B10 /* Stopwatch.swift */; };
		34FBA47B22CA7C230047FAEA /* SwipeableView.swift in Sources */ = {isa = PBXBuildFile; fileRef = 34FBA47A22CA7C230047FAEA /* SwipeableView.swift */; };
		34FBA47D22CA7C630047FAEA /* SwipeableViewDelegate.swift in Sources */ = {isa = PBXBuildFile; fileRef = 34FBA47C22CA7C630047FAEA /* SwipeableViewDelegate.swift */; };
		34FBA47F22CA7C7A0047FAEA /* SwipeDirection.swift in Sources */ = {isa = PBXBuildFile; fileRef = 34FBA47E22CA7C7A0047FAEA /* SwipeDirection.swift */; };
		34FBA48122CA7CAF0047FAEA /* CGPoint+SwipeableAdditions.swift in Sources */ = {isa = PBXBuildFile; fileRef = 34FBA48022CA7CAF0047FAEA /* CGPoint+SwipeableAdditions.swift */; };
		34FBA48322CA7CC80047FAEA /* CGRect+SwipableAdditions.swift in Sources */ = {isa = PBXBuildFile; fileRef = 34FBA48222CA7CC80047FAEA /* CGRect+SwipableAdditions.swift */; };
		34FBA48522CA7CFB0047FAEA /* SwipeableCardViewDelegate.swift in Sources */ = {isa = PBXBuildFile; fileRef = 34FBA48422CA7CFB0047FAEA /* SwipeableCardViewDelegate.swift */; };
		34FBA48722CA7D1E0047FAEA /* SwipeableCardViewDataSource.swift in Sources */ = {isa = PBXBuildFile; fileRef = 34FBA48622CA7D1E0047FAEA /* SwipeableCardViewDataSource.swift */; };
		34FBA48922CA7D440047FAEA /* SwipeableCardViewContainer.swift in Sources */ = {isa = PBXBuildFile; fileRef = 34FBA48822CA7D440047FAEA /* SwipeableCardViewContainer.swift */; };
		34FBA48C22CA7DD80047FAEA /* SwipeableCard.swift in Sources */ = {isa = PBXBuildFile; fileRef = 34FBA48B22CA7DD80047FAEA /* SwipeableCard.swift */; };
		34FBA48E22CA89BC0047FAEA /* TestViewController.swift in Sources */ = {isa = PBXBuildFile; fileRef = 34FBA48D22CA89BC0047FAEA /* TestViewController.swift */; };
		34FBA49222CABF8A0047FAEA /* APIKeys.swift in Sources */ = {isa = PBXBuildFile; fileRef = 34FBA49122CABF890047FAEA /* APIKeys.swift */; };
		34FBA49422CAC0B20047FAEA /* UIView+Constraints.swift in Sources */ = {isa = PBXBuildFile; fileRef = 34FBA49322CAC0B20047FAEA /* UIView+Constraints.swift */; };
		34FBA49622CB0D210047FAEA /* ReviewViewController.swift in Sources */ = {isa = PBXBuildFile; fileRef = 34FBA49522CB0D210047FAEA /* ReviewViewController.swift */; };
		34FBA49822CB10540047FAEA /* UIViewController+Container.swift in Sources */ = {isa = PBXBuildFile; fileRef = 34FBA49722CB10540047FAEA /* UIViewController+Container.swift */; };
		34FBA49A22CB10930047FAEA /* ReviewSelectionTableViewController.swift in Sources */ = {isa = PBXBuildFile; fileRef = 34FBA49922CB10930047FAEA /* ReviewSelectionTableViewController.swift */; };
		34FBA49F22CBCD030047FAEA /* UIColor+Custom.swift in Sources */ = {isa = PBXBuildFile; fileRef = 34FBA49E22CBCD030047FAEA /* UIColor+Custom.swift */; };
		34FBA4A222CBCF270047FAEA /* TestSetupViewController.swift in Sources */ = {isa = PBXBuildFile; fileRef = 34FBA4A122CBCF270047FAEA /* TestSetupViewController.swift */; };
		D1292AFB22D8FFC300FAFD1E /* AppTheme.swift in Sources */ = {isa = PBXBuildFile; fileRef = D1292AFA22D8FFC300FAFD1E /* AppTheme.swift */; };
		D1292AFD22D8FFCF00FAFD1E /* AppThemeProvider.swift in Sources */ = {isa = PBXBuildFile; fileRef = D1292AFC22D8FFCF00FAFD1E /* AppThemeProvider.swift */; };
		D1292AFF22D8FFDA00FAFD1E /* Theming.swift in Sources */ = {isa = PBXBuildFile; fileRef = D1292AFE22D8FFDA00FAFD1E /* Theming.swift */; };
		D1292B0222D8FFFA00FAFD1E /* Array+Extension.swift in Sources */ = {isa = PBXBuildFile; fileRef = D1292B0122D8FFFA00FAFD1E /* Array+Extension.swift */; };
		D1292B0422D9000700FAFD1E /* SubscribableValue.swift in Sources */ = {isa = PBXBuildFile; fileRef = D1292B0322D9000700FAFD1E /* SubscribableValue.swift */; };
		D1292B0622D9000F00FAFD1E /* Weak.swift in Sources */ = {isa = PBXBuildFile; fileRef = D1292B0522D9000F00FAFD1E /* Weak.swift */; };
		D129537422DA4DAA00AD5C1E /* DarkModeConformingViews.swift in Sources */ = {isa = PBXBuildFile; fileRef = D129537322DA4DAA00AD5C1E /* DarkModeConformingViews.swift */; };
		D18E406322EA174600D48713 /* MasteryBadge.swift in Sources */ = {isa = PBXBuildFile; fileRef = D18E406222EA174600D48713 /* MasteryBadge.swift */; };
		D194E92922CA6DA1001EED6C /* StudySwipe.xcdatamodeld in Sources */ = {isa = PBXBuildFile; fileRef = D194E92722CA6DA1001EED6C /* StudySwipe.xcdatamodeld */; };
		D194E93222CA70BF001EED6C /* CoreDataStack.swift in Sources */ = {isa = PBXBuildFile; fileRef = D194E93122CA70BF001EED6C /* CoreDataStack.swift */; };
		D194E93422CA715E001EED6C /* HTTPMethod.swift in Sources */ = {isa = PBXBuildFile; fileRef = D194E93322CA715E001EED6C /* HTTPMethod.swift */; };
		D194E93622CA71B6001EED6C /* Response.swift in Sources */ = {isa = PBXBuildFile; fileRef = D194E93522CA71B6001EED6C /* Response.swift */; };
		D194E93822CA7225001EED6C /* Track.swift in Sources */ = {isa = PBXBuildFile; fileRef = D194E93722CA7225001EED6C /* Track.swift */; };
		D194E93B22CA7471001EED6C /* Category.swift in Sources */ = {isa = PBXBuildFile; fileRef = D194E93A22CA7471001EED6C /* Category.swift */; };
		D194E93D22CA7538001EED6C /* Difficulty.swift in Sources */ = {isa = PBXBuildFile; fileRef = D194E93C22CA7538001EED6C /* Difficulty.swift */; };
		D194E94322CA76FA001EED6C /* QuestionObservation+Convenience.swift in Sources */ = {isa = PBXBuildFile; fileRef = D194E94222CA76FA001EED6C /* QuestionObservation+Convenience.swift */; };
		D194E94722CA7879001EED6C /* InterviewTest+Convenience.swift in Sources */ = {isa = PBXBuildFile; fileRef = D194E94622CA7879001EED6C /* InterviewTest+Convenience.swift */; };
		D194E95222CA85A3001EED6C /* QuestionAnalytics.swift in Sources */ = {isa = PBXBuildFile; fileRef = D194E95122CA85A3001EED6C /* QuestionAnalytics.swift */; };
		D194E95422CA86F0001EED6C /* TestAnalytics.swift in Sources */ = {isa = PBXBuildFile; fileRef = D194E95322CA86F0001EED6C /* TestAnalytics.swift */; };
		D194E95722CA87A4001EED6C /* QuestionRepresentation.swift in Sources */ = {isa = PBXBuildFile; fileRef = D194E95622CA87A4001EED6C /* QuestionRepresentation.swift */; };
		D194E95922CA8865001EED6C /* Question+Convenience.swift in Sources */ = {isa = PBXBuildFile; fileRef = D194E95822CA8865001EED6C /* Question+Convenience.swift */; };
		D194E95C22CA8BE0001EED6C /* InterviewTestObservation+Convenience.swift in Sources */ = {isa = PBXBuildFile; fileRef = D194E95B22CA8BE0001EED6C /* InterviewTestObservation+Convenience.swift */; };
		D194E95F22CA94EF001EED6C /* AlertOnboardingDelegate.swift in Sources */ = {isa = PBXBuildFile; fileRef = D194E95E22CA94EF001EED6C /* AlertOnboardingDelegate.swift */; };
		D194E96322CA9532001EED6C /* AlertOnboarding.swift in Sources */ = {isa = PBXBuildFile; fileRef = D194E96222CA9532001EED6C /* AlertOnboarding.swift */; };
		D194E96522CA955A001EED6C /* Alert.swift in Sources */ = {isa = PBXBuildFile; fileRef = D194E96422CA955A001EED6C /* Alert.swift */; };
		D194E96722CA9576001EED6C /* AlertChildPageViewController.swift in Sources */ = {isa = PBXBuildFile; fileRef = D194E96622CA9576001EED6C /* AlertChildPageViewController.swift */; };
		D194E96922CA9599001EED6C /* AlertPageViewDelegate.swift in Sources */ = {isa = PBXBuildFile; fileRef = D194E96822CA9599001EED6C /* AlertPageViewDelegate.swift */; };
		D194E96B22CA95C9001EED6C /* AlertPageViewController.swift in Sources */ = {isa = PBXBuildFile; fileRef = D194E96A22CA95C9001EED6C /* AlertPageViewController.swift */; };
		D194E96D22CA95FF001EED6C /* WalkthroughViewController.swift in Sources */ = {isa = PBXBuildFile; fileRef = D194E96C22CA95FF001EED6C /* WalkthroughViewController.swift */; };
		D194E97022CA9A1D001EED6C /* QuestionNetworkController.swift in Sources */ = {isa = PBXBuildFile; fileRef = D194E96F22CA9A1D001EED6C /* QuestionNetworkController.swift */; };
		D194E97522CA9F61001EED6C /* APICallType.swift in Sources */ = {isa = PBXBuildFile; fileRef = D194E97422CA9F61001EED6C /* APICallType.swift */; };
		D194E97822CAA623001EED6C /* NetworkingStructs.swift in Sources */ = {isa = PBXBuildFile; fileRef = D194E97722CAA623001EED6C /* NetworkingStructs.swift */; };
		D194E97C22CABB4C001EED6C /* CoreDataImporter.swift in Sources */ = {isa = PBXBuildFile; fileRef = D194E97B22CABB4C001EED6C /* CoreDataImporter.swift */; };
		D194E98022CAC86A001EED6C /* Reachability.swift in Sources */ = {isa = PBXBuildFile; fileRef = D194E97F22CAC86A001EED6C /* Reachability.swift */; };
		D194E98422CADD94001EED6C /* CoreDataFetchController.swift in Sources */ = {isa = PBXBuildFile; fileRef = D194E98322CADD94001EED6C /* CoreDataFetchController.swift */; };
		D194E98722CB9476001EED6C /* SettingsTableViewController.swift in Sources */ = {isa = PBXBuildFile; fileRef = D194E98622CB9476001EED6C /* SettingsTableViewController.swift */; };
		D1BA3E7822CBE627001B1BD7 /* PerformanceTableViewController.swift in Sources */ = {isa = PBXBuildFile; fileRef = D1BA3E7722CBE627001B1BD7 /* PerformanceTableViewController.swift */; };
		D1BA3E7C22CBE949001B1BD7 /* PerformanceViewController.swift in Sources */ = {isa = PBXBuildFile; fileRef = D1BA3E7B22CBE949001B1BD7 /* PerformanceViewController.swift */; };
		D1BA3E7F22CC0E9A001B1BD7 /* PerformanceTableViewCell.swift in Sources */ = {isa = PBXBuildFile; fileRef = D1BA3E7D22CC0E9A001B1BD7 /* PerformanceTableViewCell.swift */; };
		D1BA3E8222CC2502001B1BD7 /* AnalyticsController.swift in Sources */ = {isa = PBXBuildFile; fileRef = D1BA3E8122CC2502001B1BD7 /* AnalyticsController.swift */; };
		D1BA3E8422CC6F47001B1BD7 /* Quotes.swift in Sources */ = {isa = PBXBuildFile; fileRef = D1BA3E8322CC6F47001B1BD7 /* Quotes.swift */; };
		D1EF436222D99C4D0044D960 /* SettingsViewController.swift in Sources */ = {isa = PBXBuildFile; fileRef = D1EF436122D99C4D0044D960 /* SettingsViewController.swift */; };
		D1EF436422D9A8B80044D960 /* DarkModeTableViewCell.swift in Sources */ = {isa = PBXBuildFile; fileRef = D1EF436322D9A8B80044D960 /* DarkModeTableViewCell.swift */; };
		D1F408AE22D7E94E00C4AC3C /* FunctionalHelpers.swift in Sources */ = {isa = PBXBuildFile; fileRef = D1F408AD22D7E94E00C4AC3C /* FunctionalHelpers.swift */; };
/* End PBXBuildFile section */

/* Begin PBXContainerItemProxy section */
		347FDC2222CA5F40004F6656 /* PBXContainerItemProxy */ = {
			isa = PBXContainerItemProxy;
			containerPortal = 347FDC0522CA5F3E004F6656 /* Project object */;
			proxyType = 1;
			remoteGlobalIDString = 347FDC0C22CA5F3E004F6656;
			remoteInfo = StudySwipe;
		};
		34E63FD322DD7C92008F2304 /* PBXContainerItemProxy */ = {
			isa = PBXContainerItemProxy;
			containerPortal = 34E63FCE22DD7C92008F2304 /* Down.xcodeproj */;
			proxyType = 2;
			remoteGlobalIDString = 8A569F401E6B3E50008BE2AC;
			remoteInfo = Down;
		};
		34E63FD522DD7C92008F2304 /* PBXContainerItemProxy */ = {
			isa = PBXContainerItemProxy;
			containerPortal = 34E63FCE22DD7C92008F2304 /* Down.xcodeproj */;
			proxyType = 2;
			remoteGlobalIDString = 8AFAEAFB1E6E32E900E09B68;
			remoteInfo = DownTests;
		};
		34E63FD922DD7CAD008F2304 /* PBXContainerItemProxy */ = {
			isa = PBXContainerItemProxy;
			containerPortal = 34E63FCE22DD7C92008F2304 /* Down.xcodeproj */;
			proxyType = 1;
			remoteGlobalIDString = 8A569F3F1E6B3E50008BE2AC;
			remoteInfo = Down;
		};
/* End PBXContainerItemProxy section */

/* Begin PBXCopyFilesBuildPhase section */
		34E63FCD22DD7C3D008F2304 /* Embed Frameworks */ = {
			isa = PBXCopyFilesBuildPhase;
			buildActionMask = 2147483647;
			dstPath = "";
			dstSubfolderSpec = 10;
			files = (
				34E63FD822DD7CAD008F2304 /* Down.framework in Embed Frameworks */,
			);
			name = "Embed Frameworks";
			runOnlyForDeploymentPostprocessing = 0;
		};
/* End PBXCopyFilesBuildPhase section */

/* Begin PBXFileReference section */
		347FDC0D22CA5F3E004F6656 /* StudySwipe.app */ = {isa = PBXFileReference; explicitFileType = wrapper.application; includeInIndex = 0; path = StudySwipe.app; sourceTree = BUILT_PRODUCTS_DIR; };
		347FDC1022CA5F3E004F6656 /* AppDelegate.swift */ = {isa = PBXFileReference; lastKnownFileType = sourcecode.swift; path = AppDelegate.swift; sourceTree = "<group>"; };
		347FDC1722CA5F40004F6656 /* Assets.xcassets */ = {isa = PBXFileReference; lastKnownFileType = folder.assetcatalog; path = Assets.xcassets; sourceTree = "<group>"; };
		347FDC1A22CA5F40004F6656 /* Base */ = {isa = PBXFileReference; lastKnownFileType = file.storyboard; name = Base; path = Base.lproj/LaunchScreen.storyboard; sourceTree = "<group>"; };
		347FDC1C22CA5F40004F6656 /* Info.plist */ = {isa = PBXFileReference; lastKnownFileType = text.plist.xml; path = Info.plist; sourceTree = "<group>"; };
		347FDC2122CA5F40004F6656 /* StudySwipeTests.xctest */ = {isa = PBXFileReference; explicitFileType = wrapper.cfbundle; includeInIndex = 0; path = StudySwipeTests.xctest; sourceTree = BUILT_PRODUCTS_DIR; };
		347FDC2522CA5F40004F6656 /* StudySwipeTests.swift */ = {isa = PBXFileReference; lastKnownFileType = sourcecode.swift; path = StudySwipeTests.swift; sourceTree = "<group>"; };
		347FDC2722CA5F40004F6656 /* Info.plist */ = {isa = PBXFileReference; lastKnownFileType = text.plist.xml; path = Info.plist; sourceTree = "<group>"; };
		34D7C1FD22ECE6C1005990C7 /* TestSummaryViewController.swift */ = {isa = PBXFileReference; lastKnownFileType = sourcecode.swift; path = TestSummaryViewController.swift; sourceTree = "<group>"; };
		34D7C20022ECE7F4005990C7 /* UILabel+Custom.swift */ = {isa = PBXFileReference; lastKnownFileType = sourcecode.swift; path = "UILabel+Custom.swift"; sourceTree = "<group>"; };
		34D7C20222ECEE41005990C7 /* UIButton+Custom.swift */ = {isa = PBXFileReference; lastKnownFileType = sourcecode.swift; path = "UIButton+Custom.swift"; sourceTree = "<group>"; };
		34DA7B8822CBFAFC00AD2A63 /* UIAlertController+StandardAlerts.swift */ = {isa = PBXFileReference; lastKnownFileType = sourcecode.swift; path = "UIAlertController+StandardAlerts.swift"; sourceTree = "<group>"; };
		34DA7B8A22CC2D0600AD2A63 /* ReviewSelectionCollectionViewController.swift */ = {isa = PBXFileReference; lastKnownFileType = sourcecode.swift; path = ReviewSelectionCollectionViewController.swift; sourceTree = "<group>"; };
		34DA7B8C22CC440D00AD2A63 /* SelectionCollectionViewCell.swift */ = {isa = PBXFileReference; lastKnownFileType = sourcecode.swift; path = SelectionCollectionViewCell.swift; sourceTree = "<group>"; };
		34DA7B8E22CC733100AD2A63 /* SelectionCollectionReusableHeaderView.swift */ = {isa = PBXFileReference; lastKnownFileType = sourcecode.swift; path = SelectionCollectionReusableHeaderView.swift; sourceTree = "<group>"; };
		34DA7B9022CD4A8200AD2A63 /* ColorIconTitleProviding.swift */ = {isa = PBXFileReference; lastKnownFileType = sourcecode.swift; path = ColorIconTitleProviding.swift; sourceTree = "<group>"; };
		34DA7B9222CD4B0A00AD2A63 /* ReviewSelectionCollectionViewDelegate.swift */ = {isa = PBXFileReference; lastKnownFileType = sourcecode.swift; path = ReviewSelectionCollectionViewDelegate.swift; sourceTree = "<group>"; };
		34DED65222D6CDB60059867A /* NotificationName+Custom.swift */ = {isa = PBXFileReference; lastKnownFileType = sourcecode.swift; path = "NotificationName+Custom.swift"; sourceTree = "<group>"; };
		34E2B99122E0FF190009CC01 /* PillView.swift */ = {isa = PBXFileReference; lastKnownFileType = sourcecode.swift; path = PillView.swift; sourceTree = "<group>"; };
		34E2B99422E10EDA0009CC01 /* TestConfigurationCollectionViewController.swift */ = {isa = PBXFileReference; lastKnownFileType = sourcecode.swift; path = TestConfigurationCollectionViewController.swift; sourceTree = "<group>"; };
		34E2B99622E110210009CC01 /* TestConfigurationCollectionViewCell.swift */ = {isa = PBXFileReference; lastKnownFileType = sourcecode.swift; path = TestConfigurationCollectionViewCell.swift; sourceTree = "<group>"; };
		34E2B99822E115800009CC01 /* CenterAlignedCollectionViewFlowLayout.swift */ = {isa = PBXFileReference; lastKnownFileType = sourcecode.swift; path = CenterAlignedCollectionViewFlowLayout.swift; sourceTree = "<group>"; };
		34E2B99A22E11A760009CC01 /* TestConfigurationViewController.swift */ = {isa = PBXFileReference; lastKnownFileType = sourcecode.swift; path = TestConfigurationViewController.swift; sourceTree = "<group>"; };
		34E63FCE22DD7C92008F2304 /* Down.xcodeproj */ = {isa = PBXFileReference; lastKnownFileType = "wrapper.pb-project"; name = Down.xcodeproj; path = "../Frameworks/Down-master/Down.xcodeproj"; sourceTree = "<group>"; };
		34E7F65622D2C7F0000D9E4A /* QuestionCard.swift */ = {isa = PBXFileReference; lastKnownFileType = sourcecode.swift; path = QuestionCard.swift; sourceTree = "<group>"; };
		34E7F65822D2EE63000D9E4A /* GradientView.swift */ = {isa = PBXFileReference; lastKnownFileType = sourcecode.swift; path = GradientView.swift; sourceTree = "<group>"; };
		34EE9ECE22D38B7E00F84B10 /* Stopwatch.swift */ = {isa = PBXFileReference; lastKnownFileType = sourcecode.swift; path = Stopwatch.swift; sourceTree = "<group>"; };
		34FBA47A22CA7C230047FAEA /* SwipeableView.swift */ = {isa = PBXFileReference; lastKnownFileType = sourcecode.swift; path = SwipeableView.swift; sourceTree = "<group>"; };
		34FBA47C22CA7C630047FAEA /* SwipeableViewDelegate.swift */ = {isa = PBXFileReference; lastKnownFileType = sourcecode.swift; path = SwipeableViewDelegate.swift; sourceTree = "<group>"; };
		34FBA47E22CA7C7A0047FAEA /* SwipeDirection.swift */ = {isa = PBXFileReference; lastKnownFileType = sourcecode.swift; path = SwipeDirection.swift; sourceTree = "<group>"; };
		34FBA48022CA7CAF0047FAEA /* CGPoint+SwipeableAdditions.swift */ = {isa = PBXFileReference; lastKnownFileType = sourcecode.swift; path = "CGPoint+SwipeableAdditions.swift"; sourceTree = "<group>"; };
		34FBA48222CA7CC80047FAEA /* CGRect+SwipableAdditions.swift */ = {isa = PBXFileReference; lastKnownFileType = sourcecode.swift; path = "CGRect+SwipableAdditions.swift"; sourceTree = "<group>"; };
		34FBA48422CA7CFB0047FAEA /* SwipeableCardViewDelegate.swift */ = {isa = PBXFileReference; lastKnownFileType = sourcecode.swift; path = SwipeableCardViewDelegate.swift; sourceTree = "<group>"; };
		34FBA48622CA7D1E0047FAEA /* SwipeableCardViewDataSource.swift */ = {isa = PBXFileReference; lastKnownFileType = sourcecode.swift; path = SwipeableCardViewDataSource.swift; sourceTree = "<group>"; };
		34FBA48822CA7D440047FAEA /* SwipeableCardViewContainer.swift */ = {isa = PBXFileReference; lastKnownFileType = sourcecode.swift; path = SwipeableCardViewContainer.swift; sourceTree = "<group>"; };
		34FBA48B22CA7DD80047FAEA /* SwipeableCard.swift */ = {isa = PBXFileReference; lastKnownFileType = sourcecode.swift; path = SwipeableCard.swift; sourceTree = "<group>"; };
		34FBA48D22CA89BC0047FAEA /* TestViewController.swift */ = {isa = PBXFileReference; lastKnownFileType = sourcecode.swift; path = TestViewController.swift; sourceTree = "<group>"; };
		34FBA49122CABF890047FAEA /* APIKeys.swift */ = {isa = PBXFileReference; lastKnownFileType = sourcecode.swift; path = APIKeys.swift; sourceTree = "<group>"; };
		34FBA49322CAC0B20047FAEA /* UIView+Constraints.swift */ = {isa = PBXFileReference; lastKnownFileType = sourcecode.swift; path = "UIView+Constraints.swift"; sourceTree = "<group>"; };
		34FBA49522CB0D210047FAEA /* ReviewViewController.swift */ = {isa = PBXFileReference; lastKnownFileType = sourcecode.swift; path = ReviewViewController.swift; sourceTree = "<group>"; };
		34FBA49722CB10540047FAEA /* UIViewController+Container.swift */ = {isa = PBXFileReference; lastKnownFileType = sourcecode.swift; path = "UIViewController+Container.swift"; sourceTree = "<group>"; };
		34FBA49922CB10930047FAEA /* ReviewSelectionTableViewController.swift */ = {isa = PBXFileReference; lastKnownFileType = sourcecode.swift; path = ReviewSelectionTableViewController.swift; sourceTree = "<group>"; };
		34FBA49E22CBCD030047FAEA /* UIColor+Custom.swift */ = {isa = PBXFileReference; lastKnownFileType = sourcecode.swift; path = "UIColor+Custom.swift"; sourceTree = "<group>"; };
		34FBA4A122CBCF270047FAEA /* TestSetupViewController.swift */ = {isa = PBXFileReference; lastKnownFileType = sourcecode.swift; path = TestSetupViewController.swift; sourceTree = "<group>"; };
		D121D8A122ED05980061E713 /* StudySwipe 2.xcdatamodel */ = {isa = PBXFileReference; lastKnownFileType = wrapper.xcdatamodel; path = "StudySwipe 2.xcdatamodel"; sourceTree = "<group>"; };
		D1292AFA22D8FFC300FAFD1E /* AppTheme.swift */ = {isa = PBXFileReference; lastKnownFileType = sourcecode.swift; path = AppTheme.swift; sourceTree = "<group>"; };
		D1292AFC22D8FFCF00FAFD1E /* AppThemeProvider.swift */ = {isa = PBXFileReference; lastKnownFileType = sourcecode.swift; path = AppThemeProvider.swift; sourceTree = "<group>"; };
		D1292AFE22D8FFDA00FAFD1E /* Theming.swift */ = {isa = PBXFileReference; lastKnownFileType = sourcecode.swift; path = Theming.swift; sourceTree = "<group>"; };
		D1292B0122D8FFFA00FAFD1E /* Array+Extension.swift */ = {isa = PBXFileReference; lastKnownFileType = sourcecode.swift; path = "Array+Extension.swift"; sourceTree = "<group>"; };
		D1292B0322D9000700FAFD1E /* SubscribableValue.swift */ = {isa = PBXFileReference; lastKnownFileType = sourcecode.swift; path = SubscribableValue.swift; sourceTree = "<group>"; };
		D1292B0522D9000F00FAFD1E /* Weak.swift */ = {isa = PBXFileReference; lastKnownFileType = sourcecode.swift; path = Weak.swift; sourceTree = "<group>"; };
		D129537322DA4DAA00AD5C1E /* DarkModeConformingViews.swift */ = {isa = PBXFileReference; lastKnownFileType = sourcecode.swift; path = DarkModeConformingViews.swift; sourceTree = "<group>"; };
		D18E406222EA174600D48713 /* MasteryBadge.swift */ = {isa = PBXFileReference; lastKnownFileType = sourcecode.swift; path = MasteryBadge.swift; sourceTree = "<group>"; };
		D194E92822CA6DA1001EED6C /* StudySwipe.xcdatamodel */ = {isa = PBXFileReference; lastKnownFileType = wrapper.xcdatamodel; path = StudySwipe.xcdatamodel; sourceTree = "<group>"; };
		D194E93122CA70BF001EED6C /* CoreDataStack.swift */ = {isa = PBXFileReference; lastKnownFileType = sourcecode.swift; path = CoreDataStack.swift; sourceTree = "<group>"; };
		D194E93322CA715E001EED6C /* HTTPMethod.swift */ = {isa = PBXFileReference; lastKnownFileType = sourcecode.swift; path = HTTPMethod.swift; sourceTree = "<group>"; };
		D194E93522CA71B6001EED6C /* Response.swift */ = {isa = PBXFileReference; lastKnownFileType = sourcecode.swift; path = Response.swift; sourceTree = "<group>"; };
		D194E93722CA7225001EED6C /* Track.swift */ = {isa = PBXFileReference; lastKnownFileType = sourcecode.swift; path = Track.swift; sourceTree = "<group>"; };
		D194E93A22CA7471001EED6C /* Category.swift */ = {isa = PBXFileReference; lastKnownFileType = sourcecode.swift; path = Category.swift; sourceTree = "<group>"; };
		D194E93C22CA7538001EED6C /* Difficulty.swift */ = {isa = PBXFileReference; lastKnownFileType = sourcecode.swift; path = Difficulty.swift; sourceTree = "<group>"; };
		D194E94222CA76FA001EED6C /* QuestionObservation+Convenience.swift */ = {isa = PBXFileReference; lastKnownFileType = sourcecode.swift; path = "QuestionObservation+Convenience.swift"; sourceTree = "<group>"; };
		D194E94622CA7879001EED6C /* InterviewTest+Convenience.swift */ = {isa = PBXFileReference; lastKnownFileType = sourcecode.swift; path = "InterviewTest+Convenience.swift"; sourceTree = "<group>"; };
		D194E95122CA85A3001EED6C /* QuestionAnalytics.swift */ = {isa = PBXFileReference; lastKnownFileType = sourcecode.swift; path = QuestionAnalytics.swift; sourceTree = "<group>"; };
		D194E95322CA86F0001EED6C /* TestAnalytics.swift */ = {isa = PBXFileReference; lastKnownFileType = sourcecode.swift; path = TestAnalytics.swift; sourceTree = "<group>"; };
		D194E95622CA87A4001EED6C /* QuestionRepresentation.swift */ = {isa = PBXFileReference; lastKnownFileType = sourcecode.swift; path = QuestionRepresentation.swift; sourceTree = "<group>"; };
		D194E95822CA8865001EED6C /* Question+Convenience.swift */ = {isa = PBXFileReference; lastKnownFileType = sourcecode.swift; path = "Question+Convenience.swift"; sourceTree = "<group>"; };
		D194E95B22CA8BE0001EED6C /* InterviewTestObservation+Convenience.swift */ = {isa = PBXFileReference; lastKnownFileType = sourcecode.swift; path = "InterviewTestObservation+Convenience.swift"; sourceTree = "<group>"; };
		D194E95E22CA94EF001EED6C /* AlertOnboardingDelegate.swift */ = {isa = PBXFileReference; lastKnownFileType = sourcecode.swift; path = AlertOnboardingDelegate.swift; sourceTree = "<group>"; };
		D194E96222CA9532001EED6C /* AlertOnboarding.swift */ = {isa = PBXFileReference; lastKnownFileType = sourcecode.swift; path = AlertOnboarding.swift; sourceTree = "<group>"; };
		D194E96422CA955A001EED6C /* Alert.swift */ = {isa = PBXFileReference; lastKnownFileType = sourcecode.swift; path = Alert.swift; sourceTree = "<group>"; };
		D194E96622CA9576001EED6C /* AlertChildPageViewController.swift */ = {isa = PBXFileReference; lastKnownFileType = sourcecode.swift; path = AlertChildPageViewController.swift; sourceTree = "<group>"; };
		D194E96822CA9599001EED6C /* AlertPageViewDelegate.swift */ = {isa = PBXFileReference; lastKnownFileType = sourcecode.swift; path = AlertPageViewDelegate.swift; sourceTree = "<group>"; };
		D194E96A22CA95C9001EED6C /* AlertPageViewController.swift */ = {isa = PBXFileReference; lastKnownFileType = sourcecode.swift; path = AlertPageViewController.swift; sourceTree = "<group>"; };
		D194E96C22CA95FF001EED6C /* WalkthroughViewController.swift */ = {isa = PBXFileReference; lastKnownFileType = sourcecode.swift; path = WalkthroughViewController.swift; sourceTree = "<group>"; };
		D194E96F22CA9A1D001EED6C /* QuestionNetworkController.swift */ = {isa = PBXFileReference; lastKnownFileType = sourcecode.swift; path = QuestionNetworkController.swift; sourceTree = "<group>"; };
		D194E97422CA9F61001EED6C /* APICallType.swift */ = {isa = PBXFileReference; lastKnownFileType = sourcecode.swift; path = APICallType.swift; sourceTree = "<group>"; };
		D194E97722CAA623001EED6C /* NetworkingStructs.swift */ = {isa = PBXFileReference; lastKnownFileType = sourcecode.swift; path = NetworkingStructs.swift; sourceTree = "<group>"; };
		D194E97B22CABB4C001EED6C /* CoreDataImporter.swift */ = {isa = PBXFileReference; lastKnownFileType = sourcecode.swift; path = CoreDataImporter.swift; sourceTree = "<group>"; };
		D194E97F22CAC86A001EED6C /* Reachability.swift */ = {isa = PBXFileReference; lastKnownFileType = sourcecode.swift; path = Reachability.swift; sourceTree = "<group>"; };
		D194E98322CADD94001EED6C /* CoreDataFetchController.swift */ = {isa = PBXFileReference; lastKnownFileType = sourcecode.swift; path = CoreDataFetchController.swift; sourceTree = "<group>"; };
		D194E98622CB9476001EED6C /* SettingsTableViewController.swift */ = {isa = PBXFileReference; lastKnownFileType = sourcecode.swift; path = SettingsTableViewController.swift; sourceTree = "<group>"; };
		D1BA3E7722CBE627001B1BD7 /* PerformanceTableViewController.swift */ = {isa = PBXFileReference; lastKnownFileType = sourcecode.swift; path = PerformanceTableViewController.swift; sourceTree = "<group>"; };
		D1BA3E7B22CBE949001B1BD7 /* PerformanceViewController.swift */ = {isa = PBXFileReference; lastKnownFileType = sourcecode.swift; path = PerformanceViewController.swift; sourceTree = "<group>"; };
		D1BA3E7D22CC0E9A001B1BD7 /* PerformanceTableViewCell.swift */ = {isa = PBXFileReference; lastKnownFileType = sourcecode.swift; path = PerformanceTableViewCell.swift; sourceTree = "<group>"; };
		D1BA3E8122CC2502001B1BD7 /* AnalyticsController.swift */ = {isa = PBXFileReference; lastKnownFileType = sourcecode.swift; path = AnalyticsController.swift; sourceTree = "<group>"; };
		D1BA3E8322CC6F47001B1BD7 /* Quotes.swift */ = {isa = PBXFileReference; lastKnownFileType = sourcecode.swift; path = Quotes.swift; sourceTree = "<group>"; };
		D1EF436122D99C4D0044D960 /* SettingsViewController.swift */ = {isa = PBXFileReference; lastKnownFileType = sourcecode.swift; path = SettingsViewController.swift; sourceTree = "<group>"; };
		D1EF436322D9A8B80044D960 /* DarkModeTableViewCell.swift */ = {isa = PBXFileReference; lastKnownFileType = sourcecode.swift; path = DarkModeTableViewCell.swift; sourceTree = "<group>"; };
		D1F408AD22D7E94E00C4AC3C /* FunctionalHelpers.swift */ = {isa = PBXFileReference; lastKnownFileType = sourcecode.swift; path = FunctionalHelpers.swift; sourceTree = "<group>"; };
/* End PBXFileReference section */

/* Begin PBXFrameworksBuildPhase section */
		347FDC0A22CA5F3E004F6656 /* Frameworks */ = {
			isa = PBXFrameworksBuildPhase;
			buildActionMask = 2147483647;
			files = (
				34E63FD722DD7CAD008F2304 /* Down.framework in Frameworks */,
			);
			runOnlyForDeploymentPostprocessing = 0;
		};
		347FDC1E22CA5F40004F6656 /* Frameworks */ = {
			isa = PBXFrameworksBuildPhase;
			buildActionMask = 2147483647;
			files = (
			);
			runOnlyForDeploymentPostprocessing = 0;
		};
/* End PBXFrameworksBuildPhase section */

/* Begin PBXGroup section */
		347FDC0422CA5F3E004F6656 = {
			isa = PBXGroup;
			children = (
				347FDC0F22CA5F3E004F6656 /* StudySwipe */,
				347FDC2422CA5F40004F6656 /* StudySwipeTests */,
				347FDC0E22CA5F3E004F6656 /* Products */,
				34E63FCE22DD7C92008F2304 /* Down.xcodeproj */,
			);
			sourceTree = "<group>";
		};
		347FDC0E22CA5F3E004F6656 /* Products */ = {
			isa = PBXGroup;
			children = (
				347FDC0D22CA5F3E004F6656 /* StudySwipe.app */,
				347FDC2122CA5F40004F6656 /* StudySwipeTests.xctest */,
			);
			name = Products;
			sourceTree = "<group>";
		};
		347FDC0F22CA5F3E004F6656 /* StudySwipe */ = {
			isa = PBXGroup;
			children = (
				D194E95D22CA94D4001EED6C /* Protocols */,
				D194E96022CA9515001EED6C /* Views */,
				D194E92D22CA7023001EED6C /* Helpers */,
				D194E96E22CA99A3001EED6C /* ModelController */,
				D194E92622CA6D80001EED6C /* Model */,
				347FDC1022CA5F3E004F6656 /* AppDelegate.swift */,
				34FBA48A22CA7D600047FAEA /* Card Swiping */,
				347FDC1722CA5F40004F6656 /* Assets.xcassets */,
				347FDC1922CA5F40004F6656 /* LaunchScreen.storyboard */,
				347FDC1C22CA5F40004F6656 /* Info.plist */,
			);
			path = StudySwipe;
			sourceTree = "<group>";
		};
		347FDC2422CA5F40004F6656 /* StudySwipeTests */ = {
			isa = PBXGroup;
			children = (
				347FDC2522CA5F40004F6656 /* StudySwipeTests.swift */,
				347FDC2722CA5F40004F6656 /* Info.plist */,
			);
			path = StudySwipeTests;
			sourceTree = "<group>";
		};
		34DA7B8722CBFACC00AD2A63 /* UI Helpers */ = {
			isa = PBXGroup;
			children = (
				34FBA49722CB10540047FAEA /* UIViewController+Container.swift */,
				34D7C20022ECE7F4005990C7 /* UILabel+Custom.swift */,
				34D7C20222ECEE41005990C7 /* UIButton+Custom.swift */,
				34FBA49E22CBCD030047FAEA /* UIColor+Custom.swift */,
				34FBA49322CAC0B20047FAEA /* UIView+Constraints.swift */,
				34DA7B8822CBFAFC00AD2A63 /* UIAlertController+StandardAlerts.swift */,
				34E7F65822D2EE63000D9E4A /* GradientView.swift */,
				34E2B99822E115800009CC01 /* CenterAlignedCollectionViewFlowLayout.swift */,
			);
			path = "UI Helpers";
			sourceTree = "<group>";
		};
		34E63FCF22DD7C92008F2304 /* Products */ = {
			isa = PBXGroup;
			children = (
				34E63FD422DD7C92008F2304 /* Down.framework */,
				34E63FD622DD7C92008F2304 /* DownTests.xctest */,
			);
			name = Products;
			sourceTree = "<group>";
		};
		34FBA48A22CA7D600047FAEA /* Card Swiping */ = {
			isa = PBXGroup;
			children = (
				34E7F65622D2C7F0000D9E4A /* QuestionCard.swift */,
				34FBA48B22CA7DD80047FAEA /* SwipeableCard.swift */,
				34FBA47A22CA7C230047FAEA /* SwipeableView.swift */,
				34FBA47C22CA7C630047FAEA /* SwipeableViewDelegate.swift */,
				34FBA47E22CA7C7A0047FAEA /* SwipeDirection.swift */,
				34FBA48022CA7CAF0047FAEA /* CGPoint+SwipeableAdditions.swift */,
				34FBA48222CA7CC80047FAEA /* CGRect+SwipableAdditions.swift */,
				34FBA48422CA7CFB0047FAEA /* SwipeableCardViewDelegate.swift */,
				34FBA48622CA7D1E0047FAEA /* SwipeableCardViewDataSource.swift */,
				34FBA48822CA7D440047FAEA /* SwipeableCardViewContainer.swift */,
			);
			path = "Card Swiping";
			sourceTree = "<group>";
		};
		34FBA49D22CBADEC0047FAEA /* Review */ = {
			isa = PBXGroup;
			children = (
				34FBA49522CB0D210047FAEA /* ReviewViewController.swift */,
				34FBA49922CB10930047FAEA /* ReviewSelectionTableViewController.swift */,
				34DA7B8A22CC2D0600AD2A63 /* ReviewSelectionCollectionViewController.swift */,
				34DA7B9222CD4B0A00AD2A63 /* ReviewSelectionCollectionViewDelegate.swift */,
				34DA7B8C22CC440D00AD2A63 /* SelectionCollectionViewCell.swift */,
				34DA7B8E22CC733100AD2A63 /* SelectionCollectionReusableHeaderView.swift */,
			);
			path = Review;
			sourceTree = "<group>";
		};
		34FBA4A022CBCF0C0047FAEA /* Test */ = {
			isa = PBXGroup;
			children = (
				34FBA4A122CBCF270047FAEA /* TestSetupViewController.swift */,
				34E2B99A22E11A760009CC01 /* TestConfigurationViewController.swift */,
				34E2B99422E10EDA0009CC01 /* TestConfigurationCollectionViewController.swift */,
				34E2B99622E110210009CC01 /* TestConfigurationCollectionViewCell.swift */,
				34D7C1FD22ECE6C1005990C7 /* TestSummaryViewController.swift */,
			);
			path = Test;
			sourceTree = "<group>";
		};
		D1292AF922D8FF9D00FAFD1E /* Theming */ = {
			isa = PBXGroup;
			children = (
				D1292B0022D8FFE300FAFD1E /* Theming Helpers */,
				D1292AFA22D8FFC300FAFD1E /* AppTheme.swift */,
				D1292AFC22D8FFCF00FAFD1E /* AppThemeProvider.swift */,
				D1292AFE22D8FFDA00FAFD1E /* Theming.swift */,
				D129537322DA4DAA00AD5C1E /* DarkModeConformingViews.swift */,
			);
			path = Theming;
			sourceTree = "<group>";
		};
		D1292B0022D8FFE300FAFD1E /* Theming Helpers */ = {
			isa = PBXGroup;
			children = (
				D1292B0122D8FFFA00FAFD1E /* Array+Extension.swift */,
				D1292B0322D9000700FAFD1E /* SubscribableValue.swift */,
				D1292B0522D9000F00FAFD1E /* Weak.swift */,
			);
			path = "Theming Helpers";
			sourceTree = "<group>";
		};
		D17188A022D3C95A006D4CBA /* Settings */ = {
			isa = PBXGroup;
			children = (
				D194E98622CB9476001EED6C /* SettingsTableViewController.swift */,
				D1EF436122D99C4D0044D960 /* SettingsViewController.swift */,
				D1EF436322D9A8B80044D960 /* DarkModeTableViewCell.swift */,
			);
			path = Settings;
			sourceTree = "<group>";
		};
		D17188A122D3C988006D4CBA /* Performance */ = {
			isa = PBXGroup;
			children = (
				D1BA3E7722CBE627001B1BD7 /* PerformanceTableViewController.swift */,
				D1BA3E7B22CBE949001B1BD7 /* PerformanceViewController.swift */,
				D1BA3E7D22CC0E9A001B1BD7 /* PerformanceTableViewCell.swift */,
			);
			path = Performance;
			sourceTree = "<group>";
		};
		D194E92622CA6D80001EED6C /* Model */ = {
			isa = PBXGroup;
			children = (
				D194E97622CAA5F0001EED6C /* NetworkingStructs */,
				D194E95A22CA8BC2001EED6C /* InterviewTestObservation */,
				D194E95522CA877E001EED6C /* TestAnalytics */,
				D194E94822CA78D1001EED6C /* Question */,
				D194E94522CA7852001EED6C /* InterviewTest */,
				D194E94422CA781C001EED6C /* QuestionAnalytics */,
				D194E94122CA76D8001EED6C /* QuestionObservation */,
				D194E92722CA6DA1001EED6C /* StudySwipe.xcdatamodeld */,
				D194E93122CA70BF001EED6C /* CoreDataStack.swift */,
				34FBA49122CABF890047FAEA /* APIKeys.swift */,
				D194E93922CA744F001EED6C /* CustomTypes */,
			);
			path = Model;
			sourceTree = "<group>";
		};
		D194E92D22CA7023001EED6C /* Helpers */ = {
			isa = PBXGroup;
			children = (
				D1292AF922D8FF9D00FAFD1E /* Theming */,
				D1F408AC22D7E90900C4AC3C /* Functional Helpers */,
				D194E97322CA9F38001EED6C /* Networking Helpers */,
				34DA7B8722CBFACC00AD2A63 /* UI Helpers */,
				D1BA3E8322CC6F47001B1BD7 /* Quotes.swift */,
				34EE9ECE22D38B7E00F84B10 /* Stopwatch.swift */,
				34DED65222D6CDB60059867A /* NotificationName+Custom.swift */,
				D18E406222EA174600D48713 /* MasteryBadge.swift */,
			);
			path = Helpers;
			sourceTree = "<group>";
		};
		D194E93922CA744F001EED6C /* CustomTypes */ = {
			isa = PBXGroup;
			children = (
				D194E93522CA71B6001EED6C /* Response.swift */,
				D194E93722CA7225001EED6C /* Track.swift */,
				D194E93A22CA7471001EED6C /* Category.swift */,
				D194E93C22CA7538001EED6C /* Difficulty.swift */,
			);
			path = CustomTypes;
			sourceTree = "<group>";
		};
		D194E94122CA76D8001EED6C /* QuestionObservation */ = {
			isa = PBXGroup;
			children = (
				D194E94222CA76FA001EED6C /* QuestionObservation+Convenience.swift */,
			);
			path = QuestionObservation;
			sourceTree = "<group>";
		};
		D194E94422CA781C001EED6C /* QuestionAnalytics */ = {
			isa = PBXGroup;
			children = (
				D194E95122CA85A3001EED6C /* QuestionAnalytics.swift */,
			);
			path = QuestionAnalytics;
			sourceTree = "<group>";
		};
		D194E94522CA7852001EED6C /* InterviewTest */ = {
			isa = PBXGroup;
			children = (
				D194E94622CA7879001EED6C /* InterviewTest+Convenience.swift */,
			);
			path = InterviewTest;
			sourceTree = "<group>";
		};
		D194E94822CA78D1001EED6C /* Question */ = {
			isa = PBXGroup;
			children = (
				D194E95822CA8865001EED6C /* Question+Convenience.swift */,
				D194E95622CA87A4001EED6C /* QuestionRepresentation.swift */,
			);
			path = Question;
			sourceTree = "<group>";
		};
		D194E95522CA877E001EED6C /* TestAnalytics */ = {
			isa = PBXGroup;
			children = (
				D194E95322CA86F0001EED6C /* TestAnalytics.swift */,
			);
			path = TestAnalytics;
			sourceTree = "<group>";
		};
		D194E95A22CA8BC2001EED6C /* InterviewTestObservation */ = {
			isa = PBXGroup;
			children = (
				D194E95B22CA8BE0001EED6C /* InterviewTestObservation+Convenience.swift */,
			);
			path = InterviewTestObservation;
			sourceTree = "<group>";
		};
		D194E95D22CA94D4001EED6C /* Protocols */ = {
			isa = PBXGroup;
			children = (
				D194E95E22CA94EF001EED6C /* AlertOnboardingDelegate.swift */,
				D194E96822CA9599001EED6C /* AlertPageViewDelegate.swift */,
				34DA7B9022CD4A8200AD2A63 /* ColorIconTitleProviding.swift */,
			);
			path = Protocols;
			sourceTree = "<group>";
		};
		D194E96022CA9515001EED6C /* Views */ = {
			isa = PBXGroup;
			children = (
				D17188A122D3C988006D4CBA /* Performance */,
				D17188A022D3C95A006D4CBA /* Settings */,
				34FBA48D22CA89BC0047FAEA /* TestViewController.swift */,
				34FBA4A022CBCF0C0047FAEA /* Test */,
				34FBA49D22CBADEC0047FAEA /* Review */,
				D194E96122CA951D001EED6C /* Onboarding */,
				34E2B99122E0FF190009CC01 /* PillView.swift */,
			);
			path = Views;
			sourceTree = "<group>";
		};
		D194E96122CA951D001EED6C /* Onboarding */ = {
			isa = PBXGroup;
			children = (
				D194E96222CA9532001EED6C /* AlertOnboarding.swift */,
				D194E96422CA955A001EED6C /* Alert.swift */,
				D194E96622CA9576001EED6C /* AlertChildPageViewController.swift */,
				D194E96A22CA95C9001EED6C /* AlertPageViewController.swift */,
				D194E96C22CA95FF001EED6C /* WalkthroughViewController.swift */,
			);
			path = Onboarding;
			sourceTree = "<group>";
		};
		D194E96E22CA99A3001EED6C /* ModelController */ = {
			isa = PBXGroup;
			children = (
				D194E96F22CA9A1D001EED6C /* QuestionNetworkController.swift */,
				D194E97B22CABB4C001EED6C /* CoreDataImporter.swift */,
				D194E98322CADD94001EED6C /* CoreDataFetchController.swift */,
				D1BA3E8122CC2502001B1BD7 /* AnalyticsController.swift */,
			);
			name = ModelController;
			path = Model/ModelController;
			sourceTree = "<group>";
		};
		D194E97322CA9F38001EED6C /* Networking Helpers */ = {
			isa = PBXGroup;
			children = (
				D194E93322CA715E001EED6C /* HTTPMethod.swift */,
				D194E97422CA9F61001EED6C /* APICallType.swift */,
				D194E97F22CAC86A001EED6C /* Reachability.swift */,
			);
			path = "Networking Helpers";
			sourceTree = "<group>";
		};
		D194E97622CAA5F0001EED6C /* NetworkingStructs */ = {
			isa = PBXGroup;
			children = (
				D194E97722CAA623001EED6C /* NetworkingStructs.swift */,
			);
			path = NetworkingStructs;
			sourceTree = "<group>";
		};
		D1F408AC22D7E90900C4AC3C /* Functional Helpers */ = {
			isa = PBXGroup;
			children = (
				D1F408AD22D7E94E00C4AC3C /* FunctionalHelpers.swift */,
			);
			path = "Functional Helpers";
			sourceTree = "<group>";
		};
/* End PBXGroup section */

/* Begin PBXNativeTarget section */
		347FDC0C22CA5F3E004F6656 /* StudySwipe */ = {
			isa = PBXNativeTarget;
			buildConfigurationList = 347FDC2A22CA5F40004F6656 /* Build configuration list for PBXNativeTarget "StudySwipe" */;
			buildPhases = (
				347FDC0922CA5F3E004F6656 /* Sources */,
				347FDC0A22CA5F3E004F6656 /* Frameworks */,
				347FDC0B22CA5F3E004F6656 /* Resources */,
				34E63FCD22DD7C3D008F2304 /* Embed Frameworks */,
			);
			buildRules = (
			);
			dependencies = (
				34E63FDA22DD7CAD008F2304 /* PBXTargetDependency */,
			);
			name = StudySwipe;
			productName = StudySwipe;
			productReference = 347FDC0D22CA5F3E004F6656 /* StudySwipe.app */;
			productType = "com.apple.product-type.application";
		};
		347FDC2022CA5F40004F6656 /* StudySwipeTests */ = {
			isa = PBXNativeTarget;
			buildConfigurationList = 347FDC2D22CA5F40004F6656 /* Build configuration list for PBXNativeTarget "StudySwipeTests" */;
			buildPhases = (
				347FDC1D22CA5F40004F6656 /* Sources */,
				347FDC1E22CA5F40004F6656 /* Frameworks */,
				347FDC1F22CA5F40004F6656 /* Resources */,
			);
			buildRules = (
			);
			dependencies = (
				347FDC2322CA5F40004F6656 /* PBXTargetDependency */,
			);
			name = StudySwipeTests;
			productName = StudySwipeTests;
			productReference = 347FDC2122CA5F40004F6656 /* StudySwipeTests.xctest */;
			productType = "com.apple.product-type.bundle.unit-test";
		};
/* End PBXNativeTarget section */

/* Begin PBXProject section */
		347FDC0522CA5F3E004F6656 /* Project object */ = {
			isa = PBXProject;
			attributes = {
				LastSwiftUpdateCheck = 1020;
				LastUpgradeCheck = 1020;
				ORGANIZATIONNAME = "Dillon McElhinney";
				TargetAttributes = {
					347FDC0C22CA5F3E004F6656 = {
						CreatedOnToolsVersion = 10.2.1;
					};
					347FDC2022CA5F40004F6656 = {
						CreatedOnToolsVersion = 10.2.1;
						TestTargetID = 347FDC0C22CA5F3E004F6656;
					};
				};
			};
			buildConfigurationList = 347FDC0822CA5F3E004F6656 /* Build configuration list for PBXProject "StudySwipe" */;
			compatibilityVersion = "Xcode 9.3";
			developmentRegion = en;
			hasScannedForEncodings = 0;
			knownRegions = (
				en,
				Base,
			);
			mainGroup = 347FDC0422CA5F3E004F6656;
			productRefGroup = 347FDC0E22CA5F3E004F6656 /* Products */;
			projectDirPath = "";
			projectReferences = (
				{
					ProductGroup = 34E63FCF22DD7C92008F2304 /* Products */;
					ProjectRef = 34E63FCE22DD7C92008F2304 /* Down.xcodeproj */;
				},
			);
			projectRoot = "";
			targets = (
				347FDC0C22CA5F3E004F6656 /* StudySwipe */,
				347FDC2022CA5F40004F6656 /* StudySwipeTests */,
			);
		};
/* End PBXProject section */

/* Begin PBXReferenceProxy section */
		34E63FD422DD7C92008F2304 /* Down.framework */ = {
			isa = PBXReferenceProxy;
			fileType = wrapper.framework;
			path = Down.framework;
			remoteRef = 34E63FD322DD7C92008F2304 /* PBXContainerItemProxy */;
			sourceTree = BUILT_PRODUCTS_DIR;
		};
		34E63FD622DD7C92008F2304 /* DownTests.xctest */ = {
			isa = PBXReferenceProxy;
			fileType = wrapper.cfbundle;
			path = DownTests.xctest;
			remoteRef = 34E63FD522DD7C92008F2304 /* PBXContainerItemProxy */;
			sourceTree = BUILT_PRODUCTS_DIR;
		};
/* End PBXReferenceProxy section */

/* Begin PBXResourcesBuildPhase section */
		347FDC0B22CA5F3E004F6656 /* Resources */ = {
			isa = PBXResourcesBuildPhase;
			buildActionMask = 2147483647;
			files = (
				347FDC1B22CA5F40004F6656 /* LaunchScreen.storyboard in Resources */,
				347FDC1822CA5F40004F6656 /* Assets.xcassets in Resources */,
			);
			runOnlyForDeploymentPostprocessing = 0;
		};
		347FDC1F22CA5F40004F6656 /* Resources */ = {
			isa = PBXResourcesBuildPhase;
			buildActionMask = 2147483647;
			files = (
			);
			runOnlyForDeploymentPostprocessing = 0;
		};
/* End PBXResourcesBuildPhase section */

/* Begin PBXSourcesBuildPhase section */
		347FDC0922CA5F3E004F6656 /* Sources */ = {
			isa = PBXSourcesBuildPhase;
			buildActionMask = 2147483647;
			files = (
				D194E96B22CA95C9001EED6C /* AlertPageViewController.swift in Sources */,
				34FBA49F22CBCD030047FAEA /* UIColor+Custom.swift in Sources */,
				34E7F65922D2EE63000D9E4A /* GradientView.swift in Sources */,
				D194E94322CA76FA001EED6C /* QuestionObservation+Convenience.swift in Sources */,
				D194E97822CAA623001EED6C /* NetworkingStructs.swift in Sources */,
				D194E92922CA6DA1001EED6C /* StudySwipe.xcdatamodeld in Sources */,
				D194E97C22CABB4C001EED6C /* CoreDataImporter.swift in Sources */,
				D194E95422CA86F0001EED6C /* TestAnalytics.swift in Sources */,
				D194E95922CA8865001EED6C /* Question+Convenience.swift in Sources */,
				D194E95222CA85A3001EED6C /* QuestionAnalytics.swift in Sources */,
				D1BA3E8222CC2502001B1BD7 /* AnalyticsController.swift in Sources */,
				D194E95C22CA8BE0001EED6C /* InterviewTestObservation+Convenience.swift in Sources */,
				D1292B0222D8FFFA00FAFD1E /* Array+Extension.swift in Sources */,
				34D7C1FE22ECE6C1005990C7 /* TestSummaryViewController.swift in Sources */,
				D194E96522CA955A001EED6C /* Alert.swift in Sources */,
				347FDC1122CA5F3E004F6656 /* AppDelegate.swift in Sources */,
				D194E96D22CA95FF001EED6C /* WalkthroughViewController.swift in Sources */,
				34E2B99922E115800009CC01 /* CenterAlignedCollectionViewFlowLayout.swift in Sources */,
				34DA7B9322CD4B0A00AD2A63 /* ReviewSelectionCollectionViewDelegate.swift in Sources */,
				D1292B0422D9000700FAFD1E /* SubscribableValue.swift in Sources */,
				34DA7B8922CBFAFC00AD2A63 /* UIAlertController+StandardAlerts.swift in Sources */,
				D1EF436222D99C4D0044D960 /* SettingsViewController.swift in Sources */,
				D1BA3E7822CBE627001B1BD7 /* PerformanceTableViewController.swift in Sources */,
				34E2B99222E0FF190009CC01 /* PillView.swift in Sources */,
				D194E96322CA9532001EED6C /* AlertOnboarding.swift in Sources */,
				D194E95722CA87A4001EED6C /* QuestionRepresentation.swift in Sources */,
				D194E93422CA715E001EED6C /* HTTPMethod.swift in Sources */,
				D194E93622CA71B6001EED6C /* Response.swift in Sources */,
				34FBA49822CB10540047FAEA /* UIViewController+Container.swift in Sources */,
				D194E93D22CA7538001EED6C /* Difficulty.swift in Sources */,
				D194E93222CA70BF001EED6C /* CoreDataStack.swift in Sources */,
				D1F408AE22D7E94E00C4AC3C /* FunctionalHelpers.swift in Sources */,
				34E2B99722E110210009CC01 /* TestConfigurationCollectionViewCell.swift in Sources */,
				34DA7B8D22CC440D00AD2A63 /* SelectionCollectionViewCell.swift in Sources */,
				D194E93822CA7225001EED6C /* Track.swift in Sources */,
				34D7C20122ECE7F4005990C7 /* UILabel+Custom.swift in Sources */,
				34DED65322D6CDB60059867A /* NotificationName+Custom.swift in Sources */,
				D1EF436422D9A8B80044D960 /* DarkModeTableViewCell.swift in Sources */,
				D194E94722CA7879001EED6C /* InterviewTest+Convenience.swift in Sources */,
				D194E98722CB9476001EED6C /* SettingsTableViewController.swift in Sources */,
				D1BA3E8422CC6F47001B1BD7 /* Quotes.swift in Sources */,
				34FBA49622CB0D210047FAEA /* ReviewViewController.swift in Sources */,
				D1292B0622D9000F00FAFD1E /* Weak.swift in Sources */,
				34EE9ECF22D38B7E00F84B10 /* Stopwatch.swift in Sources */,
				34DA7B8F22CC733100AD2A63 /* SelectionCollectionReusableHeaderView.swift in Sources */,
				34FBA4A222CBCF270047FAEA /* TestSetupViewController.swift in Sources */,
				D194E93B22CA7471001EED6C /* Category.swift in Sources */,
				D1292AFB22D8FFC300FAFD1E /* AppTheme.swift in Sources */,
				D194E96922CA9599001EED6C /* AlertPageViewDelegate.swift in Sources */,
				34FBA48C22CA7DD80047FAEA /* SwipeableCard.swift in Sources */,
				34E7F65722D2C7F0000D9E4A /* QuestionCard.swift in Sources */,
				34FBA48722CA7D1E0047FAEA /* SwipeableCardViewDataSource.swift in Sources */,
				D194E98422CADD94001EED6C /* CoreDataFetchController.swift in Sources */,
				34E2B99B22E11A760009CC01 /* TestConfigurationViewController.swift in Sources */,
				34FBA48E22CA89BC0047FAEA /* TestViewController.swift in Sources */,
				D194E97022CA9A1D001EED6C /* QuestionNetworkController.swift in Sources */,
				34D7C20322ECEE41005990C7 /* UIButton+Custom.swift in Sources */,
				D1292AFD22D8FFCF00FAFD1E /* AppThemeProvider.swift in Sources */,
				D18E406322EA174600D48713 /* MasteryBadge.swift in Sources */,
				D1BA3E7F22CC0E9A001B1BD7 /* PerformanceTableViewCell.swift in Sources */,
				34FBA48122CA7CAF0047FAEA /* CGPoint+SwipeableAdditions.swift in Sources */,
				D194E95F22CA94EF001EED6C /* AlertOnboardingDelegate.swift in Sources */,
				34FBA47F22CA7C7A0047FAEA /* SwipeDirection.swift in Sources */,
				D194E97522CA9F61001EED6C /* APICallType.swift in Sources */,
				34FBA49A22CB10930047FAEA /* ReviewSelectionTableViewController.swift in Sources */,
				34FBA47D22CA7C630047FAEA /* SwipeableViewDelegate.swift in Sources */,
				34FBA49222CABF8A0047FAEA /* APIKeys.swift in Sources */,
				D1292AFF22D8FFDA00FAFD1E /* Theming.swift in Sources */,
				D194E96722CA9576001EED6C /* AlertChildPageViewController.swift in Sources */,
				347FDC1122CA5F3E004F6656 /* AppDelegate.swift in Sources */,
				34FBA48322CA7CC80047FAEA /* CGRect+SwipableAdditions.swift in Sources */,
				D129537422DA4DAA00AD5C1E /* DarkModeConformingViews.swift in Sources */,
				34FBA48522CA7CFB0047FAEA /* SwipeableCardViewDelegate.swift in Sources */,
				34DA7B9122CD4A8200AD2A63 /* ColorIconTitleProviding.swift in Sources */,
				34FBA49422CAC0B20047FAEA /* UIView+Constraints.swift in Sources */,
				34FBA48922CA7D440047FAEA /* SwipeableCardViewContainer.swift in Sources */,
				D1BA3E7C22CBE949001B1BD7 /* PerformanceViewController.swift in Sources */,
				34E2B99522E10EDA0009CC01 /* TestConfigurationCollectionViewController.swift in Sources */,
				34FBA47B22CA7C230047FAEA /* SwipeableView.swift in Sources */,
				D194E98022CAC86A001EED6C /* Reachability.swift in Sources */,
				34DA7B8B22CC2D0600AD2A63 /* ReviewSelectionCollectionViewController.swift in Sources */,
			);
			runOnlyForDeploymentPostprocessing = 0;
		};
		347FDC1D22CA5F40004F6656 /* Sources */ = {
			isa = PBXSourcesBuildPhase;
			buildActionMask = 2147483647;
			files = (
				347FDC2622CA5F40004F6656 /* StudySwipeTests.swift in Sources */,
			);
			runOnlyForDeploymentPostprocessing = 0;
		};
/* End PBXSourcesBuildPhase section */

/* Begin PBXTargetDependency section */
		347FDC2322CA5F40004F6656 /* PBXTargetDependency */ = {
			isa = PBXTargetDependency;
			target = 347FDC0C22CA5F3E004F6656 /* StudySwipe */;
			targetProxy = 347FDC2222CA5F40004F6656 /* PBXContainerItemProxy */;
		};
		34E63FDA22DD7CAD008F2304 /* PBXTargetDependency */ = {
			isa = PBXTargetDependency;
			name = Down;
			targetProxy = 34E63FD922DD7CAD008F2304 /* PBXContainerItemProxy */;
		};
/* End PBXTargetDependency section */

/* Begin PBXVariantGroup section */
		347FDC1922CA5F40004F6656 /* LaunchScreen.storyboard */ = {
			isa = PBXVariantGroup;
			children = (
				347FDC1A22CA5F40004F6656 /* Base */,
			);
			name = LaunchScreen.storyboard;
			sourceTree = "<group>";
		};
/* End PBXVariantGroup section */

/* Begin XCBuildConfiguration section */
		347FDC2822CA5F40004F6656 /* Debug */ = {
			isa = XCBuildConfiguration;
			buildSettings = {
				ALWAYS_SEARCH_USER_PATHS = NO;
				CLANG_ANALYZER_NONNULL = YES;
				CLANG_ANALYZER_NUMBER_OBJECT_CONVERSION = YES_AGGRESSIVE;
				CLANG_CXX_LANGUAGE_STANDARD = "gnu++14";
				CLANG_CXX_LIBRARY = "libc++";
				CLANG_ENABLE_MODULES = YES;
				CLANG_ENABLE_OBJC_ARC = YES;
				CLANG_ENABLE_OBJC_WEAK = YES;
				CLANG_WARN_BLOCK_CAPTURE_AUTORELEASING = YES;
				CLANG_WARN_BOOL_CONVERSION = YES;
				CLANG_WARN_COMMA = YES;
				CLANG_WARN_CONSTANT_CONVERSION = YES;
				CLANG_WARN_DEPRECATED_OBJC_IMPLEMENTATIONS = YES;
				CLANG_WARN_DIRECT_OBJC_ISA_USAGE = YES_ERROR;
				CLANG_WARN_DOCUMENTATION_COMMENTS = YES;
				CLANG_WARN_EMPTY_BODY = YES;
				CLANG_WARN_ENUM_CONVERSION = YES;
				CLANG_WARN_INFINITE_RECURSION = YES;
				CLANG_WARN_INT_CONVERSION = YES;
				CLANG_WARN_NON_LITERAL_NULL_CONVERSION = YES;
				CLANG_WARN_OBJC_IMPLICIT_RETAIN_SELF = YES;
				CLANG_WARN_OBJC_LITERAL_CONVERSION = YES;
				CLANG_WARN_OBJC_ROOT_CLASS = YES_ERROR;
				CLANG_WARN_RANGE_LOOP_ANALYSIS = YES;
				CLANG_WARN_STRICT_PROTOTYPES = YES;
				CLANG_WARN_SUSPICIOUS_MOVE = YES;
				CLANG_WARN_UNGUARDED_AVAILABILITY = YES_AGGRESSIVE;
				CLANG_WARN_UNREACHABLE_CODE = YES;
				CLANG_WARN__DUPLICATE_METHOD_MATCH = YES;
				CODE_SIGN_IDENTITY = "iPhone Developer";
				COPY_PHASE_STRIP = NO;
				DEBUG_INFORMATION_FORMAT = dwarf;
				ENABLE_STRICT_OBJC_MSGSEND = YES;
				ENABLE_TESTABILITY = YES;
				GCC_C_LANGUAGE_STANDARD = gnu11;
				GCC_DYNAMIC_NO_PIC = NO;
				GCC_NO_COMMON_BLOCKS = YES;
				GCC_OPTIMIZATION_LEVEL = 0;
				GCC_PREPROCESSOR_DEFINITIONS = (
					"DEBUG=1",
					"$(inherited)",
				);
				GCC_WARN_64_TO_32_BIT_CONVERSION = YES;
				GCC_WARN_ABOUT_RETURN_TYPE = YES_ERROR;
				GCC_WARN_UNDECLARED_SELECTOR = YES;
				GCC_WARN_UNINITIALIZED_AUTOS = YES_AGGRESSIVE;
				GCC_WARN_UNUSED_FUNCTION = YES;
				GCC_WARN_UNUSED_VARIABLE = YES;
				IPHONEOS_DEPLOYMENT_TARGET = 11.0;
				MTL_ENABLE_DEBUG_INFO = INCLUDE_SOURCE;
				MTL_FAST_MATH = YES;
				ONLY_ACTIVE_ARCH = YES;
				SDKROOT = iphoneos;
				SWIFT_ACTIVE_COMPILATION_CONDITIONS = DEBUG;
				SWIFT_OPTIMIZATION_LEVEL = "-Onone";
			};
			name = Debug;
		};
		347FDC2922CA5F40004F6656 /* Release */ = {
			isa = XCBuildConfiguration;
			buildSettings = {
				ALWAYS_SEARCH_USER_PATHS = NO;
				CLANG_ANALYZER_NONNULL = YES;
				CLANG_ANALYZER_NUMBER_OBJECT_CONVERSION = YES_AGGRESSIVE;
				CLANG_CXX_LANGUAGE_STANDARD = "gnu++14";
				CLANG_CXX_LIBRARY = "libc++";
				CLANG_ENABLE_MODULES = YES;
				CLANG_ENABLE_OBJC_ARC = YES;
				CLANG_ENABLE_OBJC_WEAK = YES;
				CLANG_WARN_BLOCK_CAPTURE_AUTORELEASING = YES;
				CLANG_WARN_BOOL_CONVERSION = YES;
				CLANG_WARN_COMMA = YES;
				CLANG_WARN_CONSTANT_CONVERSION = YES;
				CLANG_WARN_DEPRECATED_OBJC_IMPLEMENTATIONS = YES;
				CLANG_WARN_DIRECT_OBJC_ISA_USAGE = YES_ERROR;
				CLANG_WARN_DOCUMENTATION_COMMENTS = YES;
				CLANG_WARN_EMPTY_BODY = YES;
				CLANG_WARN_ENUM_CONVERSION = YES;
				CLANG_WARN_INFINITE_RECURSION = YES;
				CLANG_WARN_INT_CONVERSION = YES;
				CLANG_WARN_NON_LITERAL_NULL_CONVERSION = YES;
				CLANG_WARN_OBJC_IMPLICIT_RETAIN_SELF = YES;
				CLANG_WARN_OBJC_LITERAL_CONVERSION = YES;
				CLANG_WARN_OBJC_ROOT_CLASS = YES_ERROR;
				CLANG_WARN_RANGE_LOOP_ANALYSIS = YES;
				CLANG_WARN_STRICT_PROTOTYPES = YES;
				CLANG_WARN_SUSPICIOUS_MOVE = YES;
				CLANG_WARN_UNGUARDED_AVAILABILITY = YES_AGGRESSIVE;
				CLANG_WARN_UNREACHABLE_CODE = YES;
				CLANG_WARN__DUPLICATE_METHOD_MATCH = YES;
				CODE_SIGN_IDENTITY = "iPhone Developer";
				COPY_PHASE_STRIP = NO;
				DEBUG_INFORMATION_FORMAT = "dwarf-with-dsym";
				ENABLE_NS_ASSERTIONS = NO;
				ENABLE_STRICT_OBJC_MSGSEND = YES;
				GCC_C_LANGUAGE_STANDARD = gnu11;
				GCC_NO_COMMON_BLOCKS = YES;
				GCC_WARN_64_TO_32_BIT_CONVERSION = YES;
				GCC_WARN_ABOUT_RETURN_TYPE = YES_ERROR;
				GCC_WARN_UNDECLARED_SELECTOR = YES;
				GCC_WARN_UNINITIALIZED_AUTOS = YES_AGGRESSIVE;
				GCC_WARN_UNUSED_FUNCTION = YES;
				GCC_WARN_UNUSED_VARIABLE = YES;
				IPHONEOS_DEPLOYMENT_TARGET = 11.0;
				MTL_ENABLE_DEBUG_INFO = NO;
				MTL_FAST_MATH = YES;
				SDKROOT = iphoneos;
				SWIFT_COMPILATION_MODE = wholemodule;
				SWIFT_OPTIMIZATION_LEVEL = "-O";
				VALIDATE_PRODUCT = YES;
			};
			name = Release;
		};
		347FDC2B22CA5F40004F6656 /* Debug */ = {
			isa = XCBuildConfiguration;
			buildSettings = {
				ALWAYS_EMBED_SWIFT_STANDARD_LIBRARIES = YES;
				ASSETCATALOG_COMPILER_APPICON_NAME = AppIcon;
				CODE_SIGN_STYLE = Automatic;
				DEVELOPMENT_TEAM = 2SS9AYZ8LT;
				INFOPLIST_FILE = StudySwipe/Info.plist;
				IPHONEOS_DEPLOYMENT_TARGET = 11.0;
				LD_RUNPATH_SEARCH_PATHS = (
					"$(inherited)",
					"@executable_path/Frameworks",
				);
				PRODUCT_BUNDLE_IDENTIFIER = com.dillonmcelhinney.StudySwipe;
				PRODUCT_NAME = "$(TARGET_NAME)";
				SWIFT_VERSION = 5.0;
				TARGETED_DEVICE_FAMILY = 1;
			};
			name = Debug;
		};
		347FDC2C22CA5F40004F6656 /* Release */ = {
			isa = XCBuildConfiguration;
			buildSettings = {
				ALWAYS_EMBED_SWIFT_STANDARD_LIBRARIES = YES;
				ASSETCATALOG_COMPILER_APPICON_NAME = AppIcon;
				CODE_SIGN_STYLE = Automatic;
				DEVELOPMENT_TEAM = 2SS9AYZ8LT;
				INFOPLIST_FILE = StudySwipe/Info.plist;
				IPHONEOS_DEPLOYMENT_TARGET = 11.0;
				LD_RUNPATH_SEARCH_PATHS = (
					"$(inherited)",
					"@executable_path/Frameworks",
				);
				PRODUCT_BUNDLE_IDENTIFIER = com.dillonmcelhinney.StudySwipe;
				PRODUCT_NAME = "$(TARGET_NAME)";
				SWIFT_VERSION = 5.0;
				TARGETED_DEVICE_FAMILY = 1;
			};
			name = Release;
		};
		347FDC2E22CA5F40004F6656 /* Debug */ = {
			isa = XCBuildConfiguration;
			buildSettings = {
				ALWAYS_EMBED_SWIFT_STANDARD_LIBRARIES = YES;
				BUNDLE_LOADER = "$(TEST_HOST)";
				CODE_SIGN_STYLE = Automatic;
				DEVELOPMENT_TEAM = 2SS9AYZ8LT;
				INFOPLIST_FILE = StudySwipeTests/Info.plist;
				LD_RUNPATH_SEARCH_PATHS = (
					"$(inherited)",
					"@executable_path/Frameworks",
					"@loader_path/Frameworks",
				);
				PRODUCT_BUNDLE_IDENTIFIER = com.dillonmcelhinney.StudySwipeTests;
				PRODUCT_NAME = "$(TARGET_NAME)";
				SWIFT_VERSION = 5.0;
				TARGETED_DEVICE_FAMILY = "1,2";
				TEST_HOST = "$(BUILT_PRODUCTS_DIR)/StudySwipe.app/StudySwipe";
			};
			name = Debug;
		};
		347FDC2F22CA5F40004F6656 /* Release */ = {
			isa = XCBuildConfiguration;
			buildSettings = {
				ALWAYS_EMBED_SWIFT_STANDARD_LIBRARIES = YES;
				BUNDLE_LOADER = "$(TEST_HOST)";
				CODE_SIGN_STYLE = Automatic;
				DEVELOPMENT_TEAM = 2SS9AYZ8LT;
				INFOPLIST_FILE = StudySwipeTests/Info.plist;
				LD_RUNPATH_SEARCH_PATHS = (
					"$(inherited)",
					"@executable_path/Frameworks",
					"@loader_path/Frameworks",
				);
				PRODUCT_BUNDLE_IDENTIFIER = com.dillonmcelhinney.StudySwipeTests;
				PRODUCT_NAME = "$(TARGET_NAME)";
				SWIFT_VERSION = 5.0;
				TARGETED_DEVICE_FAMILY = "1,2";
				TEST_HOST = "$(BUILT_PRODUCTS_DIR)/StudySwipe.app/StudySwipe";
			};
			name = Release;
		};
/* End XCBuildConfiguration section */

/* Begin XCConfigurationList section */
		347FDC0822CA5F3E004F6656 /* Build configuration list for PBXProject "StudySwipe" */ = {
			isa = XCConfigurationList;
			buildConfigurations = (
				347FDC2822CA5F40004F6656 /* Debug */,
				347FDC2922CA5F40004F6656 /* Release */,
			);
			defaultConfigurationIsVisible = 0;
			defaultConfigurationName = Release;
		};
		347FDC2A22CA5F40004F6656 /* Build configuration list for PBXNativeTarget "StudySwipe" */ = {
			isa = XCConfigurationList;
			buildConfigurations = (
				347FDC2B22CA5F40004F6656 /* Debug */,
				347FDC2C22CA5F40004F6656 /* Release */,
			);
			defaultConfigurationIsVisible = 0;
			defaultConfigurationName = Release;
		};
		347FDC2D22CA5F40004F6656 /* Build configuration list for PBXNativeTarget "StudySwipeTests" */ = {
			isa = XCConfigurationList;
			buildConfigurations = (
				347FDC2E22CA5F40004F6656 /* Debug */,
				347FDC2F22CA5F40004F6656 /* Release */,
			);
			defaultConfigurationIsVisible = 0;
			defaultConfigurationName = Release;
		};
/* End XCConfigurationList section */

/* Begin XCVersionGroup section */
		D194E92722CA6DA1001EED6C /* StudySwipe.xcdatamodeld */ = {
			isa = XCVersionGroup;
			children = (
				D121D8A122ED05980061E713 /* StudySwipe 2.xcdatamodel */,
				D194E92822CA6DA1001EED6C /* StudySwipe.xcdatamodel */,
			);
			currentVersion = D121D8A122ED05980061E713 /* StudySwipe 2.xcdatamodel */;
			path = StudySwipe.xcdatamodeld;
			sourceTree = "<group>";
			versionGroupType = wrapper.xcdatamodel;
		};
/* End XCVersionGroup section */
	};
	rootObject = 347FDC0522CA5F3E004F6656 /* Project object */;
}
